
Microsoft Visual Studio Solution File, Format Version 12.00
# Visual Studio Version 16
VisualStudioVersion = 16.0.29215.179
MinimumVisualStudioVersion = 10.0.40219.1
Project("{FAE04EC0-301F-11D3-BF4B-00C04F79EFBC}") = "MemoApp", "MemoApp\MemoApp.csproj", "{AEF4AC29-FE57-4A7F-BD70-44041B930365}"
EndProject
Global
	GlobalSection(SolutionConfigurationPlatforms) = preSolution
		Debug|Any CPU = Debug|Any CPU
		Release|Any CPU = Release|Any CPU
	EndGlobalSection
	GlobalSection(ProjectConfigurationPlatforms) = postSolution
		{AEF4AC29-FE57-4A7F-BD70-44041B930365}.Debug|Any CPU.ActiveCfg = Debug|Any CPU
		{AEF4AC29-FE57-4A7F-BD70-44041B930365}.Debug|Any CPU.Build.0 = Debug|Any CPU
		{AEF4AC29-FE57-4A7F-BD70-44041B930365}.Release|Any CPU.ActiveCfg = Release|Any CPU
		{AEF4AC29-FE57-4A7F-BD70-44041B930365}.Release|Any CPU.Build.0 = Release|Any CPU
	EndGlobalSection
	GlobalSection(SolutionProperties) = preSolution
		HideSolutionNode = FALSE
	EndGlobalSection
	GlobalSection(ExtensibilityGlobals) = postSolution
		SolutionGuid = {56F2279A-A8CB-4B09-BB78-27701A1D6EB3}
	EndGlobalSection
EndGlobal
